
Microsoft Visual Studio Solution File, Format Version 12.00
# Visual Studio 15
VisualStudioVersion = 15.0.26228.10
MinimumVisualStudioVersion = 10.0.40219.1
Project("{FAE04EC0-301F-11D3-BF4B-00C04F79EFBC}") = "Microsoft.Extensions.DependencyInjection.Scan", "Microsoft.Extensions.DependencyInjection.Scan\Microsoft.Extensions.DependencyInjection.Scan.csproj", "{00046700-0819-41F7-A7B2-D6380051A074}"
EndProject
Project("{FAE04EC0-301F-11D3-BF4B-00C04F79EFBC}") = "test", "test\test.csproj", "{3A7255B0-C2CC-434C-A36A-7D2B9D33FA21}"
EndProject
Project("{2150E333-8FDC-42A3-9474-1A3956D46DE8}") = "Solution Items", "Solution Items", "{AEC2BFF3-B0FD-420E-B9D0-ECA099E00398}"
	ProjectSection(SolutionItems) = preProject
		README.md = README.md
	EndProjectSection
EndProject
Global
	GlobalSection(SolutionConfigurationPlatforms) = preSolution
		Debug|Any CPU = Debug|Any CPU
		Release|Any CPU = Release|Any CPU
	EndGlobalSection
	GlobalSection(ProjectConfigurationPlatforms) = postSolution
		{00046700-0819-41F7-A7B2-D6380051A074}.Debug|Any CPU.ActiveCfg = Debug|Any CPU
		{00046700-0819-41F7-A7B2-D6380051A074}.Debug|Any CPU.Build.0 = Debug|Any CPU
		{00046700-0819-41F7-A7B2-D6380051A074}.Release|Any CPU.ActiveCfg = Release|Any CPU
		{00046700-0819-41F7-A7B2-D6380051A074}.Release|Any CPU.Build.0 = Release|Any CPU
		{3A7255B0-C2CC-434C-A36A-7D2B9D33FA21}.Debug|Any CPU.ActiveCfg = Debug|Any CPU
		{3A7255B0-C2CC-434C-A36A-7D2B9D33FA21}.Debug|Any CPU.Build.0 = Debug|Any CPU
		{3A7255B0-C2CC-434C-A36A-7D2B9D33FA21}.Release|Any CPU.ActiveCfg = Release|Any CPU
		{3A7255B0-C2CC-434C-A36A-7D2B9D33FA21}.Release|Any CPU.Build.0 = Release|Any CPU
	EndGlobalSection
	GlobalSection(SolutionProperties) = preSolution
		HideSolutionNode = FALSE
	EndGlobalSection
EndGlobal
